// !$*UTF8*$!
{
	archiveVersion = 1;
	classes = {
	};
	objectVersion = 50;
	objects = {

/* Begin PBXBuildFile section */
		47249482213D2238001EA329 /* AppDelegate.m in Sources */ = {isa = PBXBuildFile; fileRef = 47249481213D2238001EA329 /* AppDelegate.m */; };
		47249485213D2238001EA329 /* ViewController.m in Sources */ = {isa = PBXBuildFile; fileRef = 47249484213D2238001EA329 /* ViewController.m */; };
		47249488213D2239001EA329 /* Main.storyboard in Resources */ = {isa = PBXBuildFile; fileRef = 47249486213D2239001EA329 /* Main.storyboard */; };
		4724948A213D224C001EA329 /* Assets.xcassets in Resources */ = {isa = PBXBuildFile; fileRef = 47249489213D224C001EA329 /* Assets.xcassets */; };
		4724948D213D224C001EA329 /* LaunchScreen.storyboard in Resources */ = {isa = PBXBuildFile; fileRef = 4724948B213D224C001EA329 /* LaunchScreen.storyboard */; };
		47249490213D224C001EA329 /* main.m in Sources */ = {isa = PBXBuildFile; fileRef = 4724948F213D224C001EA329 /* main.m */; };
		4724949A213D224C001EA329 /* HelloWorldTests.m in Sources */ = {isa = PBXBuildFile; fileRef = 47249499213D224C001EA329 /* HelloWorldTests.m */; };
		472494A5213D224C001EA329 /* HelloWorldUITests.m in Sources */ = {isa = PBXBuildFile; fileRef = 472494A4213D224C001EA329 /* HelloWorldUITests.m */; };
		47999827213E281D004AF0E5 /* MyConversationListViewController.m in Sources */ = {isa = PBXBuildFile; fileRef = 47999826213E281D004AF0E5 /* MyConversationListViewController.m */; };
		4799982A213E5AFD004AF0E5 /* MyConversationViewController.m in Sources */ = {isa = PBXBuildFile; fileRef = 47999829213E5AFD004AF0E5 /* MyConversationViewController.m */; };
		5903192A1B5C3371C4A3868A /* libPods-HelloWorldUITests.a in Frameworks */ = {isa = PBXBuildFile; fileRef = 1E950B5F426A30752BC4FF9F /* libPods-HelloWorldUITests.a */; };
		8E1DD66D3BE46A69F54F36E4 /* libPods-HelloWorld.a in Frameworks */ = {isa = PBXBuildFile; fileRef = 90C2C5BD3FE5ED9C0457274A /* libPods-HelloWorld.a */; };
		FF1C7392595337E441A8BC87 /* libPods-HelloWorldTests.a in Frameworks */ = {isa = PBXBuildFile; fileRef = 10C2A4B0E4D323F8B80D2622 /* libPods-HelloWorldTests.a */; };
/* End PBXBuildFile section */

/* Begin PBXContainerItemProxy section */
		47249496213D224C001EA329 /* PBXContainerItemProxy */ = {
			isa = PBXContainerItemProxy;
			containerPortal = 47249475213D2238001EA329 /* Project object */;
			proxyType = 1;
			remoteGlobalIDString = 4724947C213D2238001EA329;
			remoteInfo = HelloWorld;
		};
		472494A1213D224C001EA329 /* PBXContainerItemProxy */ = {
			isa = PBXContainerItemProxy;
			containerPortal = 47249475213D2238001EA329 /* Project object */;
			proxyType = 1;
			remoteGlobalIDString = 4724947C213D2238001EA329;
			remoteInfo = HelloWorld;
		};
/* End PBXContainerItemProxy section */

/* Begin PBXFileReference section */
		10C2A4B0E4D323F8B80D2622 /* libPods-HelloWorldTests.a */ = {isa = PBXFileReference; explicitFileType = archive.ar; includeInIndex = 0; path = "libPods-HelloWorldTests.a"; sourceTree = BUILT_PRODUCTS_DIR; };
		1E950B5F426A30752BC4FF9F /* libPods-HelloWorldUITests.a */ = {isa = PBXFileReference; explicitFileType = archive.ar; includeInIndex = 0; path = "libPods-HelloWorldUITests.a"; sourceTree = BUILT_PRODUCTS_DIR; };
		347C1D19BEE67FFAAEDDD4F2 /* Pods-HelloWorldTests.debug.xcconfig */ = {isa = PBXFileReference; includeInIndex = 1; lastKnownFileType = text.xcconfig; name = "Pods-HelloWorldTests.debug.xcconfig"; path = "Pods/Target Support Files/Pods-HelloWorldTests/Pods-HelloWorldTests.debug.xcconfig"; sourceTree = "<group>"; };
		4724947D213D2238001EA329 /* HelloWorld.app */ = {isa = PBXFileReference; explicitFileType = wrapper.application; includeInIndex = 0; path = HelloWorld.app; sourceTree = BUILT_PRODUCTS_DIR; };
		47249480213D2238001EA329 /* AppDelegate.h */ = {isa = PBXFileReference; lastKnownFileType = sourcecode.c.h; path = AppDelegate.h; sourceTree = "<group>"; };
		47249481213D2238001EA329 /* AppDelegate.m */ = {isa = PBXFileReference; lastKnownFileType = sourcecode.c.objc; path = AppDelegate.m; sourceTree = "<group>"; };
		47249483213D2238001EA329 /* ViewController.h */ = {isa = PBXFileReference; lastKnownFileType = sourcecode.c.h; path = ViewController.h; sourceTree = "<group>"; };
		47249484213D2238001EA329 /* ViewController.m */ = {isa = PBXFileReference; lastKnownFileType = sourcecode.c.objc; path = ViewController.m; sourceTree = "<group>"; };
		47249487213D2239001EA329 /* Base */ = {isa = PBXFileReference; lastKnownFileType = file.storyboard; name = Base; path = Base.lproj/Main.storyboard; sourceTree = "<group>"; };
		47249489213D224C001EA329 /* Assets.xcassets */ = {isa = PBXFileReference; lastKnownFileType = folder.assetcatalog; path = Assets.xcassets; sourceTree = "<group>"; };
		4724948C213D224C001EA329 /* Base */ = {isa = PBXFileReference; lastKnownFileType = file.storyboard; name = Base; path = Base.lproj/LaunchScreen.storyboard; sourceTree = "<group>"; };
		4724948E213D224C001EA329 /* Info.plist */ = {isa = PBXFileReference; lastKnownFileType = text.plist.xml; path = Info.plist; sourceTree = "<group>"; };
		4724948F213D224C001EA329 /* main.m */ = {isa = PBXFileReference; lastKnownFileType = sourcecode.c.objc; path = main.m; sourceTree = "<group>"; };
		47249495213D224C001EA329 /* HelloWorldTests.xctest */ = {isa = PBXFileReference; explicitFileType = wrapper.cfbundle; includeInIndex = 0; path = HelloWorldTests.xctest; sourceTree = BUILT_PRODUCTS_DIR; };
		47249499213D224C001EA329 /* HelloWorldTests.m */ = {isa = PBXFileReference; lastKnownFileType = sourcecode.c.objc; path = HelloWorldTests.m; sourceTree = "<group>"; };
		4724949B213D224C001EA329 /* Info.plist */ = {isa = PBXFileReference; lastKnownFileType = text.plist.xml; path = Info.plist; sourceTree = "<group>"; };
		472494A0213D224C001EA329 /* HelloWorldUITests.xctest */ = {isa = PBXFileReference; explicitFileType = wrapper.cfbundle; includeInIndex = 0; path = HelloWorldUITests.xctest; sourceTree = BUILT_PRODUCTS_DIR; };
		472494A4213D224C001EA329 /* HelloWorldUITests.m */ = {isa = PBXFileReference; lastKnownFileType = sourcecode.c.objc; path = HelloWorldUITests.m; sourceTree = "<group>"; };
		472494A6213D224C001EA329 /* Info.plist */ = {isa = PBXFileReference; lastKnownFileType = text.plist.xml; path = Info.plist; sourceTree = "<group>"; };
		47999825213E281D004AF0E5 /* MyConversationListViewController.h */ = {isa = PBXFileReference; lastKnownFileType = sourcecode.c.h; path = MyConversationListViewController.h; sourceTree = "<group>"; };
		47999826213E281D004AF0E5 /* MyConversationListViewController.m */ = {isa = PBXFileReference; lastKnownFileType = sourcecode.c.objc; path = MyConversationListViewController.m; sourceTree = "<group>"; };
		47999828213E5AFD004AF0E5 /* MyConversationViewController.h */ = {isa = PBXFileReference; lastKnownFileType = sourcecode.c.h; path = MyConversationViewController.h; sourceTree = "<group>"; };
		47999829213E5AFD004AF0E5 /* MyConversationViewController.m */ = {isa = PBXFileReference; lastKnownFileType = sourcecode.c.objc; path = MyConversationViewController.m; sourceTree = "<group>"; };
		6B66BBB09E2D4F2F319C275D /* Pods-HelloWorld.release.xcconfig */ = {isa = PBXFileReference; includeInIndex = 1; lastKnownFileType = text.xcconfig; name = "Pods-HelloWorld.release.xcconfig"; path = "Pods/Target Support Files/Pods-HelloWorld/Pods-HelloWorld.release.xcconfig"; sourceTree = "<group>"; };
		76BED41DA4E83C9F57BFB8FB /* Pods-HelloWorld.debug.xcconfig */ = {isa = PBXFileReference; includeInIndex = 1; lastKnownFileType = text.xcconfig; name = "Pods-HelloWorld.debug.xcconfig"; path = "Pods/Target Support Files/Pods-HelloWorld/Pods-HelloWorld.debug.xcconfig"; sourceTree = "<group>"; };
		90C2C5BD3FE5ED9C0457274A /* libPods-HelloWorld.a */ = {isa = PBXFileReference; explicitFileType = archive.ar; includeInIndex = 0; path = "libPods-HelloWorld.a"; sourceTree = BUILT_PRODUCTS_DIR; };
		BD43B26CB1547988CBF74AE7 /* Pods-HelloWorldUITests.release.xcconfig */ = {isa = PBXFileReference; includeInIndex = 1; lastKnownFileType = text.xcconfig; name = "Pods-HelloWorldUITests.release.xcconfig"; path = "Pods/Target Support Files/Pods-HelloWorldUITests/Pods-HelloWorldUITests.release.xcconfig"; sourceTree = "<group>"; };
		BF2B99A7657EAF805619B838 /* Pods-HelloWorldUITests.debug.xcconfig */ = {isa = PBXFileReference; includeInIndex = 1; lastKnownFileType = text.xcconfig; name = "Pods-HelloWorldUITests.debug.xcconfig"; path = "Pods/Target Support Files/Pods-HelloWorldUITests/Pods-HelloWorldUITests.debug.xcconfig"; sourceTree = "<group>"; };
		CCA2E1AB5CC03D47A632405C /* Pods-HelloWorldTests.release.xcconfig */ = {isa = PBXFileReference; includeInIndex = 1; lastKnownFileType = text.xcconfig; name = "Pods-HelloWorldTests.release.xcconfig"; path = "Pods/Target Support Files/Pods-HelloWorldTests/Pods-HelloWorldTests.release.xcconfig"; sourceTree = "<group>"; };
/* End PBXFileReference section */

/* Begin PBXFrameworksBuildPhase section */
		4724947A213D2238001EA329 /* Frameworks */ = {
			isa = PBXFrameworksBuildPhase;
			buildActionMask = 2147483647;
			files = (
				8E1DD66D3BE46A69F54F36E4 /* libPods-HelloWorld.a in Frameworks */,
			);
			runOnlyForDeploymentPostprocessing = 0;
		};
		47249492213D224C001EA329 /* Frameworks */ = {
			isa = PBXFrameworksBuildPhase;
			buildActionMask = 2147483647;
			files = (
				FF1C7392595337E441A8BC87 /* libPods-HelloWorldTests.a in Frameworks */,
			);
			runOnlyForDeploymentPostprocessing = 0;
		};
		4724949D213D224C001EA329 /* Frameworks */ = {
			isa = PBXFrameworksBuildPhase;
			buildActionMask = 2147483647;
			files = (
				5903192A1B5C3371C4A3868A /* libPods-HelloWorldUITests.a in Frameworks */,
			);
			runOnlyForDeploymentPostprocessing = 0;
		};
/* End PBXFrameworksBuildPhase section */

/* Begin PBXGroup section */
		32654CA84E154E208B91D023 /* Frameworks */ = {
			isa = PBXGroup;
			children = (
				90C2C5BD3FE5ED9C0457274A /* libPods-HelloWorld.a */,
				10C2A4B0E4D323F8B80D2622 /* libPods-HelloWorldTests.a */,
				1E950B5F426A30752BC4FF9F /* libPods-HelloWorldUITests.a */,
			);
			name = Frameworks;
			sourceTree = "<group>";
		};
		47249474213D2238001EA329 = {
			isa = PBXGroup;
			children = (
				4724947F213D2238001EA329 /* HelloWorld */,
				47249498213D224C001EA329 /* HelloWorldTests */,
				472494A3213D224C001EA329 /* HelloWorldUITests */,
				4724947E213D2238001EA329 /* Products */,
				D158E944595719A8C913C91B /* Pods */,
				32654CA84E154E208B91D023 /* Frameworks */,
			);
			sourceTree = "<group>";
		};
		4724947E213D2238001EA329 /* Products */ = {
			isa = PBXGroup;
			children = (
				4724947D213D2238001EA329 /* HelloWorld.app */,
				47249495213D224C001EA329 /* HelloWorldTests.xctest */,
				472494A0213D224C001EA329 /* HelloWorldUITests.xctest */,
			);
			name = Products;
			sourceTree = "<group>";
		};
		4724947F213D2238001EA329 /* HelloWorld */ = {
			isa = PBXGroup;
			children = (
				47249480213D2238001EA329 /* AppDelegate.h */,
				47249481213D2238001EA329 /* AppDelegate.m */,
				47249483213D2238001EA329 /* ViewController.h */,
				47249484213D2238001EA329 /* ViewController.m */,
				47999825213E281D004AF0E5 /* MyConversationListViewController.h */,
				47999826213E281D004AF0E5 /* MyConversationListViewController.m */,
				47249486213D2239001EA329 /* Main.storyboard */,
				47249489213D224C001EA329 /* Assets.xcassets */,
				4724948B213D224C001EA329 /* LaunchScreen.storyboard */,
				4724948E213D224C001EA329 /* Info.plist */,
				4724948F213D224C001EA329 /* main.m */,
				47999828213E5AFD004AF0E5 /* MyConversationViewController.h */,
				47999829213E5AFD004AF0E5 /* MyConversationViewController.m */,
			);
			path = HelloWorld;
			sourceTree = "<group>";
		};
		47249498213D224C001EA329 /* HelloWorldTests */ = {
			isa = PBXGroup;
			children = (
				47249499213D224C001EA329 /* HelloWorldTests.m */,
				4724949B213D224C001EA329 /* Info.plist */,
			);
			path = HelloWorldTests;
			sourceTree = "<group>";
		};
		472494A3213D224C001EA329 /* HelloWorldUITests */ = {
			isa = PBXGroup;
			children = (
				472494A4213D224C001EA329 /* HelloWorldUITests.m */,
				472494A6213D224C001EA329 /* Info.plist */,
			);
			path = HelloWorldUITests;
			sourceTree = "<group>";
		};
		D158E944595719A8C913C91B /* Pods */ = {
			isa = PBXGroup;
			children = (
				76BED41DA4E83C9F57BFB8FB /* Pods-HelloWorld.debug.xcconfig */,
				6B66BBB09E2D4F2F319C275D /* Pods-HelloWorld.release.xcconfig */,
				347C1D19BEE67FFAAEDDD4F2 /* Pods-HelloWorldTests.debug.xcconfig */,
				CCA2E1AB5CC03D47A632405C /* Pods-HelloWorldTests.release.xcconfig */,
				BF2B99A7657EAF805619B838 /* Pods-HelloWorldUITests.debug.xcconfig */,
				BD43B26CB1547988CBF74AE7 /* Pods-HelloWorldUITests.release.xcconfig */,
			);
			name = Pods;
			sourceTree = "<group>";
		};
/* End PBXGroup section */

/* Begin PBXNativeTarget section */
		4724947C213D2238001EA329 /* HelloWorld */ = {
			isa = PBXNativeTarget;
			buildConfigurationList = 472494A9213D224C001EA329 /* Build configuration list for PBXNativeTarget "HelloWorld" */;
			buildPhases = (
				C798F90ACB16803F557157D8 /* [CP] Check Pods Manifest.lock */,
				47249479213D2238001EA329 /* Sources */,
				4724947A213D2238001EA329 /* Frameworks */,
				4724947B213D2238001EA329 /* Resources */,
				709F364F96A3C5BC509F381C /* [CP] Copy Pods Resources */,
			);
			buildRules = (
			);
			dependencies = (
			);
			name = HelloWorld;
			productName = HelloWorld;
			productReference = 4724947D213D2238001EA329 /* HelloWorld.app */;
			productType = "com.apple.product-type.application";
		};
		47249494213D224C001EA329 /* HelloWorldTests */ = {
			isa = PBXNativeTarget;
			buildConfigurationList = 472494AC213D224C001EA329 /* Build configuration list for PBXNativeTarget "HelloWorldTests" */;
			buildPhases = (
				9CDFD0797F26E604F5EA0BF9 /* [CP] Check Pods Manifest.lock */,
				47249491213D224C001EA329 /* Sources */,
				47249492213D224C001EA329 /* Frameworks */,
				47249493213D224C001EA329 /* Resources */,
			);
			buildRules = (
			);
			dependencies = (
				47249497213D224C001EA329 /* PBXTargetDependency */,
			);
			name = HelloWorldTests;
			productName = HelloWorldTests;
			productReference = 47249495213D224C001EA329 /* HelloWorldTests.xctest */;
			productType = "com.apple.product-type.bundle.unit-test";
		};
		4724949F213D224C001EA329 /* HelloWorldUITests */ = {
			isa = PBXNativeTarget;
			buildConfigurationList = 472494AF213D224C001EA329 /* Build configuration list for PBXNativeTarget "HelloWorldUITests" */;
			buildPhases = (
				67144B6BB300172D10EA6A2B /* [CP] Check Pods Manifest.lock */,
				4724949C213D224C001EA329 /* Sources */,
				4724949D213D224C001EA329 /* Frameworks */,
				4724949E213D224C001EA329 /* Resources */,
			);
			buildRules = (
			);
			dependencies = (
				472494A2213D224C001EA329 /* PBXTargetDependency */,
			);
			name = HelloWorldUITests;
			productName = HelloWorldUITests;
			productReference = 472494A0213D224C001EA329 /* HelloWorldUITests.xctest */;
			productType = "com.apple.product-type.bundle.ui-testing";
		};
/* End PBXNativeTarget section */

/* Begin PBXProject section */
		47249475213D2238001EA329 /* Project object */ = {
			isa = PBXProject;
			attributes = {
				LastUpgradeCheck = 0940;
				ORGANIZATIONNAME = "许小六";
				TargetAttributes = {
					4724947C213D2238001EA329 = {
						CreatedOnToolsVersion = 9.4.1;
					};
					47249494213D224C001EA329 = {
						CreatedOnToolsVersion = 9.4.1;
						TestTargetID = 4724947C213D2238001EA329;
					};
					4724949F213D224C001EA329 = {
						CreatedOnToolsVersion = 9.4.1;
						TestTargetID = 4724947C213D2238001EA329;
					};
				};
			};
			buildConfigurationList = 47249478213D2238001EA329 /* Build configuration list for PBXProject "HelloWorld" */;
			compatibilityVersion = "Xcode 9.3";
			developmentRegion = en;
			hasScannedForEncodings = 0;
			knownRegions = (
				en,
				Base,
			);
			mainGroup = 47249474213D2238001EA329;
			productRefGroup = 4724947E213D2238001EA329 /* Products */;
			projectDirPath = "";
			projectRoot = "";
			targets = (
				4724947C213D2238001EA329 /* HelloWorld */,
				47249494213D224C001EA329 /* HelloWorldTests */,
				4724949F213D224C001EA329 /* HelloWorldUITests */,
			);
		};
/* End PBXProject section */

/* Begin PBXResourcesBuildPhase section */
		4724947B213D2238001EA329 /* Resources */ = {
			isa = PBXResourcesBuildPhase;
			buildActionMask = 2147483647;
			files = (
				4724948D213D224C001EA329 /* LaunchScreen.storyboard in Resources */,
				4724948A213D224C001EA329 /* Assets.xcassets in Resources */,
				47249488213D2239001EA329 /* Main.storyboard in Resources */,
			);
			runOnlyForDeploymentPostprocessing = 0;
		};
		47249493213D224C001EA329 /* Resources */ = {
			isa = PBXResourcesBuildPhase;
			buildActionMask = 2147483647;
			files = (
			);
			runOnlyForDeploymentPostprocessing = 0;
		};
		4724949E213D224C001EA329 /* Resources */ = {
			isa = PBXResourcesBuildPhase;
			buildActionMask = 2147483647;
			files = (
			);
			runOnlyForDeploymentPostprocessing = 0;
		};
/* End PBXResourcesBuildPhase section */

/* Begin PBXShellScriptBuildPhase section */
		67144B6BB300172D10EA6A2B /* [CP] Check Pods Manifest.lock */ = {
			isa = PBXShellScriptBuildPhase;
			buildActionMask = 2147483647;
			files = (
			);
			inputPaths = (
				"${PODS_PODFILE_DIR_PATH}/Podfile.lock",
				"${PODS_ROOT}/Manifest.lock",
			);
			name = "[CP] Check Pods Manifest.lock";
			outputPaths = (
				"$(DERIVED_FILE_DIR)/Pods-HelloWorldUITests-checkManifestLockResult.txt",
			);
			runOnlyForDeploymentPostprocessing = 0;
			shellPath = /bin/sh;
			shellScript = "diff \"${PODS_PODFILE_DIR_PATH}/Podfile.lock\" \"${PODS_ROOT}/Manifest.lock\" > /dev/null\nif [ $? != 0 ] ; then\n    # print error to STDERR\n    echo \"error: The sandbox is not in sync with the Podfile.lock. Run 'pod install' or update your CocoaPods installation.\" >&2\n    exit 1\nfi\n# This output is used by Xcode 'outputs' to avoid re-running this script phase.\necho \"SUCCESS\" > \"${SCRIPT_OUTPUT_FILE_0}\"\n";
			showEnvVarsInLog = 0;
		};
		709F364F96A3C5BC509F381C /* [CP] Copy Pods Resources */ = {
			isa = PBXShellScriptBuildPhase;
			buildActionMask = 2147483647;
			files = (
			);
			inputPaths = (
				"${SRCROOT}/Pods/Target Support Files/Pods-HelloWorld/Pods-HelloWorld-resources.sh",
				"${PODS_ROOT}/RongCloudIM/RongCloudIM/RongCloud.bundle",
				"${PODS_ROOT}/RongCloudIM/RongCloudIM/en.lproj",
				"${PODS_ROOT}/RongCloudIM/RongCloudIM/zh-Hans.lproj",
				"${PODS_ROOT}/RongCloudIM/RongCloudIM/Emoji.plist",
				"${PODS_ROOT}/RongCloudIM/RongCloudIM/RCColor.plist",
				"${PODS_ROOT}/RongCloudIM/RongCloudIM/RCConfig.plist",
				"${PODS_ROOT}/RongCloudIM/RongCloudIM/JrmfIMLib/JResource.bundle",
				"${PODS_ROOT}/RongCloudIM/RongCloudIM/JrmfIMLib/en.lproj",
				"${PODS_ROOT}/RongCloudIM/RongCloudIM/JrmfIMLib/zh-Hans.lproj",
				"${PODS_ROOT}/RongCloudIM/RongCloudIM/JrmfIMLib/jrmf.cer",
				"${PODS_ROOT}/RongCloudIM/RongCloudIM/AlipaySDK/AlipaySDK.bundle",
				"${PODS_ROOT}/RongCloudIM/RongCloudIM/JrmfIMLib/WalletResource.bundle",
			);
			name = "[CP] Copy Pods Resources";
			outputPaths = (
				"${TARGET_BUILD_DIR}/${UNLOCALIZED_RESOURCES_FOLDER_PATH}/RongCloud.bundle",
				"${TARGET_BUILD_DIR}/${UNLOCALIZED_RESOURCES_FOLDER_PATH}/en.lproj",
				"${TARGET_BUILD_DIR}/${UNLOCALIZED_RESOURCES_FOLDER_PATH}/zh-Hans.lproj",
				"${TARGET_BUILD_DIR}/${UNLOCALIZED_RESOURCES_FOLDER_PATH}/Emoji.plist",
				"${TARGET_BUILD_DIR}/${UNLOCALIZED_RESOURCES_FOLDER_PATH}/RCColor.plist",
				"${TARGET_BUILD_DIR}/${UNLOCALIZED_RESOURCES_FOLDER_PATH}/RCConfig.plist",
				"${TARGET_BUILD_DIR}/${UNLOCALIZED_RESOURCES_FOLDER_PATH}/JResource.bundle",
				"${TARGET_BUILD_DIR}/${UNLOCALIZED_RESOURCES_FOLDER_PATH}/jrmf.cer",
				"${TARGET_BUILD_DIR}/${UNLOCALIZED_RESOURCES_FOLDER_PATH}/AlipaySDK.bundle",
				"${TARGET_BUILD_DIR}/${UNLOCALIZED_RESOURCES_FOLDER_PATH}/WalletResource.bundle",
			);
			runOnlyForDeploymentPostprocessing = 0;
			shellPath = /bin/sh;
			shellScript = "\"${SRCROOT}/Pods/Target Support Files/Pods-HelloWorld/Pods-HelloWorld-resources.sh\"\n";
			showEnvVarsInLog = 0;
		};
		9CDFD0797F26E604F5EA0BF9 /* [CP] Check Pods Manifest.lock */ = {
			isa = PBXShellScriptBuildPhase;
			buildActionMask = 2147483647;
			files = (
			);
			inputPaths = (
				"${PODS_PODFILE_DIR_PATH}/Podfile.lock",
				"${PODS_ROOT}/Manifest.lock",
			);
			name = "[CP] Check Pods Manifest.lock";
			outputPaths = (
				"$(DERIVED_FILE_DIR)/Pods-HelloWorldTests-checkManifestLockResult.txt",
			);
			runOnlyForDeploymentPostprocessing = 0;
			shellPath = /bin/sh;
			shellScript = "diff \"${PODS_PODFILE_DIR_PATH}/Podfile.lock\" \"${PODS_ROOT}/Manifest.lock\" > /dev/null\nif [ $? != 0 ] ; then\n    # print error to STDERR\n    echo \"error: The sandbox is not in sync with the Podfile.lock. Run 'pod install' or update your CocoaPods installation.\" >&2\n    exit 1\nfi\n# This output is used by Xcode 'outputs' to avoid re-running this script phase.\necho \"SUCCESS\" > \"${SCRIPT_OUTPUT_FILE_0}\"\n";
			showEnvVarsInLog = 0;
		};
		C798F90ACB16803F557157D8 /* [CP] Check Pods Manifest.lock */ = {
			isa = PBXShellScriptBuildPhase;
			buildActionMask = 2147483647;
			files = (
			);
			inputPaths = (
				"${PODS_PODFILE_DIR_PATH}/Podfile.lock",
				"${PODS_ROOT}/Manifest.lock",
			);
			name = "[CP] Check Pods Manifest.lock";
			outputPaths = (
				"$(DERIVED_FILE_DIR)/Pods-HelloWorld-checkManifestLockResult.txt",
			);
			runOnlyForDeploymentPostprocessing = 0;
			shellPath = /bin/sh;
			shellScript = "diff \"${PODS_PODFILE_DIR_PATH}/Podfile.lock\" \"${PODS_ROOT}/Manifest.lock\" > /dev/null\nif [ $? != 0 ] ; then\n    # print error to STDERR\n    echo \"error: The sandbox is not in sync with the Podfile.lock. Run 'pod install' or update your CocoaPods installation.\" >&2\n    exit 1\nfi\n# This output is used by Xcode 'outputs' to avoid re-running this script phase.\necho \"SUCCESS\" > \"${SCRIPT_OUTPUT_FILE_0}\"\n";
			showEnvVarsInLog = 0;
		};
/* End PBXShellScriptBuildPhase section */

/* Begin PBXSourcesBuildPhase section */
		47249479213D2238001EA329 /* Sources */ = {
			isa = PBXSourcesBuildPhase;
			buildActionMask = 2147483647;
			files = (
				4799982A213E5AFD004AF0E5 /* MyConversationViewController.m in Sources */,
				47249485213D2238001EA329 /* ViewController.m in Sources */,
				47999827213E281D004AF0E5 /* MyConversationListViewController.m in Sources */,
				47249490213D224C001EA329 /* main.m in Sources */,
				47249482213D2238001EA329 /* AppDelegate.m in Sources */,
			);
			runOnlyForDeploymentPostprocessing = 0;
		};
		47249491213D224C001EA329 /* Sources */ = {
			isa = PBXSourcesBuildPhase;
			buildActionMask = 2147483647;
			files = (
				4724949A213D224C001EA329 /* HelloWorldTests.m in Sources */,
			);
			runOnlyForDeploymentPostprocessing = 0;
		};
		4724949C213D224C001EA329 /* Sources */ = {
			isa = PBXSourcesBuildPhase;
			buildActionMask = 2147483647;
			files = (
				472494A5213D224C001EA329 /* HelloWorldUITests.m in Sources */,
			);
			runOnlyForDeploymentPostprocessing = 0;
		};
/* End PBXSourcesBuildPhase section */

/* Begin PBXTargetDependency section */
		47249497213D224C001EA329 /* PBXTargetDependency */ = {
			isa = PBXTargetDependency;
			target = 4724947C213D2238001EA329 /* HelloWorld */;
			targetProxy = 47249496213D224C001EA329 /* PBXContainerItemProxy */;
		};
		472494A2213D224C001EA329 /* PBXTargetDependency */ = {
			isa = PBXTargetDependency;
			target = 4724947C213D2238001EA329 /* HelloWorld */;
			targetProxy = 472494A1213D224C001EA329 /* PBXContainerItemProxy */;
		};
/* End PBXTargetDependency section */

/* Begin PBXVariantGroup section */
		47249486213D2239001EA329 /* Main.storyboard */ = {
			isa = PBXVariantGroup;
			children = (
				47249487213D2239001EA329 /* Base */,
			);
			name = Main.storyboard;
			sourceTree = "<group>";
		};
		4724948B213D224C001EA329 /* LaunchScreen.storyboard */ = {
			isa = PBXVariantGroup;
			children = (
				4724948C213D224C001EA329 /* Base */,
			);
			name = LaunchScreen.storyboard;
			sourceTree = "<group>";
		};
/* End PBXVariantGroup section */

/* Begin XCBuildConfiguration section */
		472494A7213D224C001EA329 /* Debug */ = {
			isa = XCBuildConfiguration;
			buildSettings = {
				ALWAYS_SEARCH_USER_PATHS = NO;
				CLANG_ANALYZER_NONNULL = YES;
				CLANG_ANALYZER_NUMBER_OBJECT_CONVERSION = YES_AGGRESSIVE;
				CLANG_CXX_LANGUAGE_STANDARD = "gnu++14";
				CLANG_CXX_LIBRARY = "libc++";
				CLANG_ENABLE_MODULES = YES;
				CLANG_ENABLE_OBJC_ARC = YES;
				CLANG_ENABLE_OBJC_WEAK = YES;
				CLANG_WARN_BLOCK_CAPTURE_AUTORELEASING = YES;
				CLANG_WARN_BOOL_CONVERSION = YES;
				CLANG_WARN_COMMA = YES;
				CLANG_WARN_CONSTANT_CONVERSION = YES;
				CLANG_WARN_DEPRECATED_OBJC_IMPLEMENTATIONS = YES;
				CLANG_WARN_DIRECT_OBJC_ISA_USAGE = YES_ERROR;
				CLANG_WARN_DOCUMENTATION_COMMENTS = YES;
				CLANG_WARN_EMPTY_BODY = YES;
				CLANG_WARN_ENUM_CONVERSION = YES;
				CLANG_WARN_INFINITE_RECURSION = YES;
				CLANG_WARN_INT_CONVERSION = YES;
				CLANG_WARN_NON_LITERAL_NULL_CONVERSION = YES;
				CLANG_WARN_OBJC_IMPLICIT_RETAIN_SELF = YES;
				CLANG_WARN_OBJC_LITERAL_CONVERSION = YES;
				CLANG_WARN_OBJC_ROOT_CLASS = YES_ERROR;
				CLANG_WARN_RANGE_LOOP_ANALYSIS = YES;
				CLANG_WARN_STRICT_PROTOTYPES = YES;
				CLANG_WARN_SUSPICIOUS_MOVE = YES;
				CLANG_WARN_UNGUARDED_AVAILABILITY = YES_AGGRESSIVE;
				CLANG_WARN_UNREACHABLE_CODE = YES;
				CLANG_WARN__DUPLICATE_METHOD_MATCH = YES;
				CODE_SIGN_IDENTITY = "iPhone Developer";
				COPY_PHASE_STRIP = NO;
				DEBUG_INFORMATION_FORMAT = dwarf;
				ENABLE_STRICT_OBJC_MSGSEND = YES;
				ENABLE_TESTABILITY = YES;
				GCC_C_LANGUAGE_STANDARD = gnu11;
				GCC_DYNAMIC_NO_PIC = NO;
				GCC_NO_COMMON_BLOCKS = YES;
				GCC_OPTIMIZATION_LEVEL = 0;
				GCC_PREPROCESSOR_DEFINITIONS = (
					"DEBUG=1",
					"$(inherited)",
				);
				GCC_WARN_64_TO_32_BIT_CONVERSION = YES;
				GCC_WARN_ABOUT_RETURN_TYPE = YES_ERROR;
				GCC_WARN_UNDECLARED_SELECTOR = YES;
				GCC_WARN_UNINITIALIZED_AUTOS = YES_AGGRESSIVE;
				GCC_WARN_UNUSED_FUNCTION = YES;
				GCC_WARN_UNUSED_VARIABLE = YES;
				IPHONEOS_DEPLOYMENT_TARGET = 11.4;
				MTL_ENABLE_DEBUG_INFO = YES;
				ONLY_ACTIVE_ARCH = YES;
				SDKROOT = iphoneos;
			};
			name = Debug;
		};
		472494A8213D224C001EA329 /* Release */ = {
			isa = XCBuildConfiguration;
			buildSettings = {
				ALWAYS_SEARCH_USER_PATHS = NO;
				CLANG_ANALYZER_NONNULL = YES;
				CLANG_ANALYZER_NUMBER_OBJECT_CONVERSION = YES_AGGRESSIVE;
				CLANG_CXX_LANGUAGE_STANDARD = "gnu++14";
				CLANG_CXX_LIBRARY = "libc++";
				CLANG_ENABLE_MODULES = YES;
				CLANG_ENABLE_OBJC_ARC = YES;
				CLANG_ENABLE_OBJC_WEAK = YES;
				CLANG_WARN_BLOCK_CAPTURE_AUTORELEASING = YES;
				CLANG_WARN_BOOL_CONVERSION = YES;
				CLANG_WARN_COMMA = YES;
				CLANG_WARN_CONSTANT_CONVERSION = YES;
				CLANG_WARN_DEPRECATED_OBJC_IMPLEMENTATIONS = YES;
				CLANG_WARN_DIRECT_OBJC_ISA_USAGE = YES_ERROR;
				CLANG_WARN_DOCUMENTATION_COMMENTS = YES;
				CLANG_WARN_EMPTY_BODY = YES;
				CLANG_WARN_ENUM_CONVERSION = YES;
				CLANG_WARN_INFINITE_RECURSION = YES;
				CLANG_WARN_INT_CONVERSION = YES;
				CLANG_WARN_NON_LITERAL_NULL_CONVERSION = YES;
				CLANG_WARN_OBJC_IMPLICIT_RETAIN_SELF = YES;
				CLANG_WARN_OBJC_LITERAL_CONVERSION = YES;
				CLANG_WARN_OBJC_ROOT_CLASS = YES_ERROR;
				CLANG_WARN_RANGE_LOOP_ANALYSIS = YES;
				CLANG_WARN_STRICT_PROTOTYPES = YES;
				CLANG_WARN_SUSPICIOUS_MOVE = YES;
				CLANG_WARN_UNGUARDED_AVAILABILITY = YES_AGGRESSIVE;
				CLANG_WARN_UNREACHABLE_CODE = YES;
				CLANG_WARN__DUPLICATE_METHOD_MATCH = YES;
				CODE_SIGN_IDENTITY = "iPhone Developer";
				COPY_PHASE_STRIP = NO;
				DEBUG_INFORMATION_FORMAT = "dwarf-with-dsym";
				ENABLE_NS_ASSERTIONS = NO;
				ENABLE_STRICT_OBJC_MSGSEND = YES;
				GCC_C_LANGUAGE_STANDARD = gnu11;
				GCC_NO_COMMON_BLOCKS = YES;
				GCC_WARN_64_TO_32_BIT_CONVERSION = YES;
				GCC_WARN_ABOUT_RETURN_TYPE = YES_ERROR;
				GCC_WARN_UNDECLARED_SELECTOR = YES;
				GCC_WARN_UNINITIALIZED_AUTOS = YES_AGGRESSIVE;
				GCC_WARN_UNUSED_FUNCTION = YES;
				GCC_WARN_UNUSED_VARIABLE = YES;
				IPHONEOS_DEPLOYMENT_TARGET = 11.4;
				MTL_ENABLE_DEBUG_INFO = NO;
				SDKROOT = iphoneos;
				VALIDATE_PRODUCT = YES;
			};
			name = Release;
		};
		472494AA213D224C001EA329 /* Debug */ = {
			isa = XCBuildConfiguration;
			baseConfigurationReference = 76BED41DA4E83C9F57BFB8FB /* Pods-HelloWorld.debug.xcconfig */;
			buildSettings = {
				ASSETCATALOG_COMPILER_APPICON_NAME = AppIcon;
				CODE_SIGN_STYLE = Automatic;
				DEVELOPMENT_TEAM = ZZ8TP539QY;
				INFOPLIST_FILE = HelloWorld/Info.plist;
				IPHONEOS_DEPLOYMENT_TARGET = 9.0;
				LD_RUNPATH_SEARCH_PATHS = (
					"$(inherited)",
					"@executable_path/Frameworks",
				);
				PRODUCT_BUNDLE_IDENTIFIER = yfkj.com.HelloWorld;
				PRODUCT_NAME = "$(TARGET_NAME)";
				TARGETED_DEVICE_FAMILY = 1;
			};
			name = Debug;
		};
		472494AB213D224C001EA329 /* Release */ = {
			isa = XCBuildConfiguration;
			baseConfigurationReference = 6B66BBB09E2D4F2F319C275D /* Pods-HelloWorld.release.xcconfig */;
			buildSettings = {
				ASSETCATALOG_COMPILER_APPICON_NAME = AppIcon;
				CODE_SIGN_STYLE = Automatic;
				DEVELOPMENT_TEAM = ZZ8TP539QY;
				INFOPLIST_FILE = HelloWorld/Info.plist;
				IPHONEOS_DEPLOYMENT_TARGET = 9.0;
				LD_RUNPATH_SEARCH_PATHS = (
					"$(inherited)",
					"@executable_path/Frameworks",
				);
				PRODUCT_BUNDLE_IDENTIFIER = yfkj.com.HelloWorld;
				PRODUCT_NAME = "$(TARGET_NAME)";
				TARGETED_DEVICE_FAMILY = 1;
			};
			name = Release;
		};
		472494AD213D224C001EA329 /* Debug */ = {
			isa = XCBuildConfiguration;
			baseConfigurationReference = 347C1D19BEE67FFAAEDDD4F2 /* Pods-HelloWorldTests.debug.xcconfig */;
			buildSettings = {
				BUNDLE_LOADER = "$(TEST_HOST)";
				CODE_SIGN_STYLE = Automatic;
				DEVELOPMENT_TEAM = ZZ8TP539QY;
				INFOPLIST_FILE = HelloWorldTests/Info.plist;
				LD_RUNPATH_SEARCH_PATHS = (
					"$(inherited)",
					"@executable_path/Frameworks",
					"@loader_path/Frameworks",
				);
				PRODUCT_BUNDLE_IDENTIFIER = yfkj.com.HelloWorldTests;
				PRODUCT_NAME = "$(TARGET_NAME)";
				TARGETED_DEVICE_FAMILY = "1,2";
				TEST_HOST = "$(BUILT_PRODUCTS_DIR)/HelloWorld.app/HelloWorld";
			};
			name = Debug;
		};
		472494AE213D224C001EA329 /* Release */ = {
			isa = XCBuildConfiguration;
			baseConfigurationReference = CCA2E1AB5CC03D47A632405C /* Pods-HelloWorldTests.release.xcconfig */;
			buildSettings = {
				BUNDLE_LOADER = "$(TEST_HOST)";
				CODE_SIGN_STYLE = Automatic;
				DEVELOPMENT_TEAM = ZZ8TP539QY;
				INFOPLIST_FILE = HelloWorldTests/Info.plist;
				LD_RUNPATH_SEARCH_PATHS = (
					"$(inherited)",
					"@executable_path/Frameworks",
					"@loader_path/Frameworks",
				);
				PRODUCT_BUNDLE_IDENTIFIER = yfkj.com.HelloWorldTests;
				PRODUCT_NAME = "$(TARGET_NAME)";
				TARGETED_DEVICE_FAMILY = "1,2";
				TEST_HOST = "$(BUILT_PRODUCTS_DIR)/HelloWorld.app/HelloWorld";
			};
			name = Release;
		};
		472494B0213D224C001EA329 /* Debug */ = {
			isa = XCBuildConfiguration;
			baseConfigurationReference = BF2B99A7657EAF805619B838 /* Pods-HelloWorldUITests.debug.xcconfig */;
			buildSettings = {
				CODE_SIGN_STYLE = Automatic;
				DEVELOPMENT_TEAM = ZZ8TP539QY;
				INFOPLIST_FILE = HelloWorldUITests/Info.plist;
				LD_RUNPATH_SEARCH_PATHS = (
					"$(inherited)",
					"@executable_path/Frameworks",
					"@loader_path/Frameworks",
				);
				PRODUCT_BUNDLE_IDENTIFIER = yfkj.com.HelloWorldUITests;
				PRODUCT_NAME = "$(TARGET_NAME)";
				TARGETED_DEVICE_FAMILY = "1,2";
				TEST_TARGET_NAME = HelloWorld;
			};
			name = Debug;
		};
		472494B1213D224C001EA329 /* Release */ = {
			isa = XCBuildConfiguration;
			baseConfigurationReference = BD43B26CB1547988CBF74AE7 /* Pods-HelloWorldUITests.release.xcconfig */;
			buildSettings = {
				CODE_SIGN_STYLE = Automatic;
				DEVELOPMENT_TEAM = ZZ8TP539QY;
				INFOPLIST_FILE = HelloWorldUITests/Info.plist;
				LD_RUNPATH_SEARCH_PATHS = (
					"$(inherited)",
					"@executable_path/Frameworks",
					"@loader_path/Frameworks",
				);
				PRODUCT_BUNDLE_IDENTIFIER = yfkj.com.HelloWorldUITests;
				PRODUCT_NAME = "$(TARGET_NAME)";
				TARGETED_DEVICE_FAMILY = "1,2";
				TEST_TARGET_NAME = HelloWorld;
			};
			name = Release;
		};
/* End XCBuildConfiguration section */

/* Begin XCConfigurationList section */
		47249478213D2238001EA329 /* Build configuration list for PBXProject "HelloWorld" */ = {
			isa = XCConfigurationList;
			buildConfigurations = (
				472494A7213D224C001EA329 /* Debug */,
				472494A8213D224C001EA329 /* Release */,
			);
			defaultConfigurationIsVisible = 0;
			defaultConfigurationName = Release;
		};
		472494A9213D224C001EA329 /* Build configuration list for PBXNativeTarget "HelloWorld" */ = {
			isa = XCConfigurationList;
			buildConfigurations = (
				472494AA213D224C001EA329 /* Debug */,
				472494AB213D224C001EA329 /* Release */,
			);
			defaultConfigurationIsVisible = 0;
			defaultConfigurationName = Release;
		};
		472494AC213D224C001EA329 /* Build configuration list for PBXNativeTarget "HelloWorldTests" */ = {
			isa = XCConfigurationList;
			buildConfigurations = (
				472494AD213D224C001EA329 /* Debug */,
				472494AE213D224C001EA329 /* Release */,
			);
			defaultConfigurationIsVisible = 0;
			defaultConfigurationName = Release;
		};
		472494AF213D224C001EA329 /* Build configuration list for PBXNativeTarget "HelloWorldUITests" */ = {
			isa = XCConfigurationList;
			buildConfigurations = (
				472494B0213D224C001EA329 /* Debug */,
				472494B1213D224C001EA329 /* Release */,
			);
			defaultConfigurationIsVisible = 0;
			defaultConfigurationName = Release;
		};
/* End XCConfigurationList section */
	};
	rootObject = 47249475213D2238001EA329 /* Project object */;
}
